{
  "version": 4,
  "terraform_version": "1.7.5",
  "serial": 8,
  "lineage": "f0e81192-56fc-020e-ba33-9f105344e59f",
  "outputs": {},
  "resources": [
    {
      "module": "module.cloudflare",
      "mode": "data",
      "type": "cloudflare_zone",
      "name": "this",
      "provider": "module.cloudflare.provider[\"registry.terraform.io/cloudflare/cloudflare\"]",
      "instances": [
        {
          "schema_version": 0,
          "attributes": {
            "account_id": "d203dd3fb87050d769d0c422b2fed625",
            "id": "47c51f1a65a39a84832b46a18ab6f8b3",
            "name": "gaurabupreti.tech",
            "name_servers": [
              "arya.ns.cloudflare.com",
              "tosana.ns.cloudflare.com"
            ],
            "paused": false,
            "plan": "Free Website",
            "status": "active",
            "vanity_name_servers": [],
            "zone_id": "47c51f1a65a39a84832b46a18ab6f8b3"
          },
          "sensitive_attributes": []
        }
      ]
    },
    {
      "module": "module.cloudfront_distribution",
      "mode": "data",
      "type": "aws_s3_bucket",
      "name": "s3",
      "provider": "provider[\"registry.terraform.io/hashicorp/aws\"]",
      "instances": [
        {
          "schema_version": 0,
          "attributes": {
            "arn": "arn:aws:s3:::gaurab-test-s3-bucket",
            "bucket": "gaurab-test-s3-bucket",
            "bucket_domain_name": "gaurab-test-s3-bucket.s3.amazonaws.com",
            "bucket_regional_domain_name": "gaurab-test-s3-bucket.s3.us-east-1.amazonaws.com",
            "hosted_zone_id": "Z3AQBSTGFYJSTF",
            "id": "gaurab-test-s3-bucket",
            "region": "us-east-1",
            "website_domain": null,
            "website_endpoint": null
          },
          "sensitive_attributes": []
        }
      ]
    },
    {
      "module": "module.s3_bucket",
      "mode": "managed",
      "type": "aws_s3_bucket",
      "name": "aws_s3_bucket_example",
      "provider": "provider[\"registry.terraform.io/hashicorp/aws\"]",
      "instances": [
        {
          "schema_version": 0,
          "attributes": {
            "acceleration_status": "",
            "acl": null,
            "arn": "arn:aws:s3:::gaurab-test-s3-bucket",
            "bucket": "gaurab-test-s3-bucket",
            "bucket_domain_name": "gaurab-test-s3-bucket.s3.amazonaws.com",
            "bucket_prefix": "",
            "bucket_regional_domain_name": "gaurab-test-s3-bucket.s3.us-east-1.amazonaws.com",
            "cors_rule": [],
            "force_destroy": false,
            "grant": [
              {
                "id": "8de29480ffa4ee98322f982d8529714aef0ac3dbbaed902de72083a1b4e2837b",
                "permissions": [
                  "FULL_CONTROL"
                ],
                "type": "CanonicalUser",
                "uri": ""
              }
            ],
            "hosted_zone_id": "Z3AQBSTGFYJSTF",
            "id": "gaurab-test-s3-bucket",
            "lifecycle_rule": [],
            "logging": [],
            "object_lock_configuration": [],
            "object_lock_enabled": false,
            "policy": "",
            "region": "us-east-1",
            "replication_configuration": [],
            "request_payer": "BucketOwner",
            "server_side_encryption_configuration": [
              {
                "rule": [
                  {
                    "apply_server_side_encryption_by_default": [
                      {
                        "kms_master_key_id": "",
                        "sse_algorithm": "AES256"
                      }
                    ],
                    "bucket_key_enabled": false
                  }
                ]
              }
            ],
            "tags": {
              "Creator": "gauravupreti1230@gmail.com",
              "Deletable": "Yes",
              "Name": "gaurab-test-s3-bucket",
              "Project": "Intern"
            },
            "tags_all": {
              "Creator": "gauravupreti1230@gmail.com",
              "Deletable": "Yes",
              "Name": "gaurab-test-s3-bucket",
              "Project": "Intern"
            },
            "timeouts": null,
            "versioning": [
              {
                "enabled": false,
                "mfa_delete": false
              }
            ],
            "website": [],
            "website_domain": null,
            "website_endpoint": null
          },
          "sensitive_attributes": [],
          "private": "eyJlMmJmYjczMC1lY2FhLTExZTYtOGY4OC0zNDM2M2JjN2M0YzAiOnsiY3JlYXRlIjoxMjAwMDAwMDAwMDAwLCJkZWxldGUiOjM2MDAwMDAwMDAwMDAsInJlYWQiOjEyMDAwMDAwMDAwMDAsInVwZGF0ZSI6MTIwMDAwMDAwMDAwMH19"
        }
      ]
    },
    {
      "module": "module.s3_bucket",
      "mode": "managed",
      "type": "aws_s3_object",
      "name": "dist_file",
      "provider": "provider[\"registry.terraform.io/hashicorp/aws\"]",
      "instances": [
        {
          "index_key": "assets/index-B0yDaiAA.js",
          "schema_version": 0,
          "attributes": {
            "acl": null,
            "arn": "arn:aws:s3:::gaurab-test-s3-bucket/assets/index-B0yDaiAA.js",
            "bucket": "gaurab-test-s3-bucket",
            "bucket_key_enabled": false,
            "cache_control": "",
            "checksum_algorithm": null,
            "checksum_crc32": "",
            "checksum_crc32c": "",
            "checksum_sha1": "",
            "checksum_sha256": "",
            "content": null,
            "content_base64": null,
            "content_disposition": "",
            "content_encoding": "",
            "content_language": "",
            "content_type": "application/javascript",
            "etag": "b40628921c72066b9d778aaf3e4d4e6e",
            "force_destroy": false,
            "id": "assets/index-B0yDaiAA.js",
            "key": "assets/index-B0yDaiAA.js",
            "kms_key_id": null,
            "metadata": null,
            "object_lock_legal_hold_status": "",
            "object_lock_mode": "",
            "object_lock_retain_until_date": "",
            "override_provider": [],
            "server_side_encryption": "AES256",
            "source": "/home/notsogaurab/leapfrog-assignments/three-tier-app/frontend/dist/assets/index-B0yDaiAA.js",
            "source_hash": null,
            "storage_class": "STANDARD",
            "tags": null,
            "tags_all": {
              "Creator": "gauravupreti1230@gmail.com",
              "Deletable": "Yes",
              "Project": "Intern"
            },
            "version_id": "",
            "website_redirect": ""
          },
          "sensitive_attributes": [],
          "private": "bnVsbA==",
          "dependencies": [
            "module.s3_bucket.aws_s3_bucket.aws_s3_bucket_example"
          ]
        },
        {
          "index_key": "assets/index-DUZAGv8H.css",
          "schema_version": 0,
          "attributes": {
            "acl": null,
            "arn": "arn:aws:s3:::gaurab-test-s3-bucket/assets/index-DUZAGv8H.css",
            "bucket": "gaurab-test-s3-bucket",
            "bucket_key_enabled": false,
            "cache_control": "",
            "checksum_algorithm": null,
            "checksum_crc32": "",
            "checksum_crc32c": "",
            "checksum_sha1": "",
            "checksum_sha256": "",
            "content": null,
            "content_base64": null,
            "content_disposition": "",
            "content_encoding": "",
            "content_language": "",
            "content_type": "text/css",
            "etag": "b4c9fc1d776a7a4b0ef932487e1633a6",
            "force_destroy": false,
            "id": "assets/index-DUZAGv8H.css",
            "key": "assets/index-DUZAGv8H.css",
            "kms_key_id": null,
            "metadata": null,
            "object_lock_legal_hold_status": "",
            "object_lock_mode": "",
            "object_lock_retain_until_date": "",
            "override_provider": [],
            "server_side_encryption": "AES256",
            "source": "/home/notsogaurab/leapfrog-assignments/three-tier-app/frontend/dist/assets/index-DUZAGv8H.css",
            "source_hash": null,
            "storage_class": "STANDARD",
            "tags": null,
            "tags_all": {
              "Creator": "gauravupreti1230@gmail.com",
              "Deletable": "Yes",
              "Project": "Intern"
            },
            "version_id": "",
            "website_redirect": ""
          },
          "sensitive_attributes": [],
          "private": "bnVsbA==",
          "dependencies": [
            "module.s3_bucket.aws_s3_bucket.aws_s3_bucket_example"
          ]
        },
        {
          "index_key": "index.html",
          "schema_version": 0,
          "attributes": {
            "acl": null,
            "arn": "arn:aws:s3:::gaurab-test-s3-bucket/index.html",
            "bucket": "gaurab-test-s3-bucket",
            "bucket_key_enabled": false,
            "cache_control": "",
            "checksum_algorithm": null,
            "checksum_crc32": "",
            "checksum_crc32c": "",
            "checksum_sha1": "",
            "checksum_sha256": "",
            "content": null,
            "content_base64": null,
            "content_disposition": "",
            "content_encoding": "",
            "content_language": "",
            "content_type": "text/html",
            "etag": "4cd526a404a5b89ee95bbb978db4af0e",
            "force_destroy": false,
            "id": "index.html",
            "key": "index.html",
            "kms_key_id": null,
            "metadata": null,
            "object_lock_legal_hold_status": "",
            "object_lock_mode": "",
            "object_lock_retain_until_date": "",
            "override_provider": [],
            "server_side_encryption": "AES256",
            "source": "/home/notsogaurab/leapfrog-assignments/three-tier-app/frontend/dist/index.html",
            "source_hash": null,
            "storage_class": "STANDARD",
            "tags": null,
            "tags_all": {
              "Creator": "gauravupreti1230@gmail.com",
              "Deletable": "Yes",
              "Project": "Intern"
            },
            "version_id": "",
            "website_redirect": ""
          },
          "sensitive_attributes": [],
          "private": "bnVsbA==",
          "dependencies": [
            "module.s3_bucket.aws_s3_bucket.aws_s3_bucket_example"
          ]
        },
        {
          "index_key": "vite.svg",
          "schema_version": 0,
          "attributes": {
            "acl": null,
            "arn": "arn:aws:s3:::gaurab-test-s3-bucket/vite.svg",
            "bucket": "gaurab-test-s3-bucket",
            "bucket_key_enabled": false,
            "cache_control": "",
            "checksum_algorithm": null,
            "checksum_crc32": "",
            "checksum_crc32c": "",
            "checksum_sha1": "",
            "checksum_sha256": "",
            "content": null,
            "content_base64": null,
            "content_disposition": "",
            "content_encoding": "",
            "content_language": "",
            "content_type": "image/svg+xml",
            "etag": "8e3a10e157f75ada21ab742c022d5430",
            "force_destroy": false,
            "id": "vite.svg",
            "key": "vite.svg",
            "kms_key_id": null,
            "metadata": null,
            "object_lock_legal_hold_status": "",
            "object_lock_mode": "",
            "object_lock_retain_until_date": "",
            "override_provider": [],
            "server_side_encryption": "AES256",
            "source": "/home/notsogaurab/leapfrog-assignments/three-tier-app/frontend/dist/vite.svg",
            "source_hash": null,
            "storage_class": "STANDARD",
            "tags": null,
            "tags_all": {
              "Creator": "gauravupreti1230@gmail.com",
              "Deletable": "Yes",
              "Project": "Intern"
            },
            "version_id": "",
            "website_redirect": ""
          },
          "sensitive_attributes": [],
          "private": "bnVsbA==",
          "dependencies": [
            "module.s3_bucket.aws_s3_bucket.aws_s3_bucket_example"
          ]
        }
      ]
    }
  ],
  "check_results": null
}
